// !$*UTF8*$!
{
	archiveVersion = 1;
	classes = {
	};
	objectVersion = 55;
	objects = {

/* Begin PBXBuildFile section */
		D64C1489280310BF00137502 /* Flux WatchKit App.app in Embed Watch Content */ = {isa = PBXBuildFile; fileRef = D64C1488280310BF00137502 /* Flux WatchKit App.app */; settings = {ATTRIBUTES = (RemoveHeadersOnCopy, ); }; };
		D64C148E280310C100137502 /* Assets.xcassets in Resources */ = {isa = PBXBuildFile; fileRef = D64C148D280310C100137502 /* Assets.xcassets */; };
		D64C1494280310C100137502 /* Flux WatchKit Extension.appex in Embed App Extensions */ = {isa = PBXBuildFile; fileRef = D64C1493280310C100137502 /* Flux WatchKit Extension.appex */; settings = {ATTRIBUTES = (RemoveHeadersOnCopy, ); }; };
		D64C1499280310C100137502 /* FluxApp.swift in Sources */ = {isa = PBXBuildFile; fileRef = D64C1498280310C100137502 /* FluxApp.swift */; };
		D64C149D280310C100137502 /* NotificationController.swift in Sources */ = {isa = PBXBuildFile; fileRef = D64C149C280310C100137502 /* NotificationController.swift */; };
		D64C149F280310C100137502 /* NotificationView.swift in Sources */ = {isa = PBXBuildFile; fileRef = D64C149E280310C100137502 /* NotificationView.swift */; };
		D64C14A1280310C100137502 /* ComplicationController.swift in Sources */ = {isa = PBXBuildFile; fileRef = D64C14A0280310C100137502 /* ComplicationController.swift */; };
		D64C14A3280310C200137502 /* Assets.xcassets in Resources */ = {isa = PBXBuildFile; fileRef = D64C14A2280310C200137502 /* Assets.xcassets */; };
		D64C14A6280310C200137502 /* Preview Assets.xcassets in Resources */ = {isa = PBXBuildFile; fileRef = D64C14A5280310C200137502 /* Preview Assets.xcassets */; };
		D64C14B82803112F00137502 /* CoreData.framework in Frameworks */ = {isa = PBXBuildFile; fileRef = D64C14B72803112F00137502 /* CoreData.framework */; };
		D64C14BA2803113800137502 /* CloudKit.framework in Frameworks */ = {isa = PBXBuildFile; fileRef = D64C14B92803113800137502 /* CloudKit.framework */; };
		D64C14BD2803117300137502 /* Data.xcdatamodeld in Sources */ = {isa = PBXBuildFile; fileRef = D64C14BB2803117300137502 /* Data.xcdatamodeld */; };
		D64C14BF2803164500137502 /* SetGoalView.swift in Sources */ = {isa = PBXBuildFile; fileRef = D64C14BE2803164500137502 /* SetGoalView.swift */; };
		D64C14C12803168E00137502 /* ButtonTextStyle.swift in Sources */ = {isa = PBXBuildFile; fileRef = D64C14C02803168E00137502 /* ButtonTextStyle.swift */; };
		D64C14C3280316CA00137502 /* Constants.swift in Sources */ = {isa = PBXBuildFile; fileRef = D64C14C2280316CA00137502 /* Constants.swift */; };
		D64C14C928031A8000137502 /* ChangGoalTimeButton.swift in Sources */ = {isa = PBXBuildFile; fileRef = D64C14C828031A8000137502 /* ChangGoalTimeButton.swift */; };
		D64C14CD280344E000137502 /* fxlabel.swift in Sources */ = {isa = PBXBuildFile; fileRef = D64C14CC280344E000137502 /* fxlabel.swift */; };
		D64C14CF280346D800137502 /* SessionActionButton.swift in Sources */ = {isa = PBXBuildFile; fileRef = D64C14CE280346D800137502 /* SessionActionButton.swift */; };
		D64C14D12803477200137502 /* SessionView.swift in Sources */ = {isa = PBXBuildFile; fileRef = D64C14D02803477200137502 /* SessionView.swift */; };
		D64C14D328034BB800137502 /* SessionButton.swift in Sources */ = {isa = PBXBuildFile; fileRef = D64C14D228034BB800137502 /* SessionButton.swift */; };
		D64C14D5280394A100137502 /* SessionPersonalizeButton.swift in Sources */ = {isa = PBXBuildFile; fileRef = D64C14D4280394A100137502 /* SessionPersonalizeButton.swift */; };
		D64C14D72804EDFE00137502 /* RingView.swift in Sources */ = {isa = PBXBuildFile; fileRef = D64C14D62804EDFE00137502 /* RingView.swift */; };
		D64C14DA2804FBFE00137502 /* PersistenceContainer.swift in Sources */ = {isa = PBXBuildFile; fileRef = D64C14D92804FBFE00137502 /* PersistenceContainer.swift */; };
/* End PBXBuildFile section */

/* Begin PBXContainerItemProxy section */
		D64C148A280310BF00137502 /* PBXContainerItemProxy */ = {
			isa = PBXContainerItemProxy;
			containerPortal = D64C147E280310BE00137502 /* Project object */;
			proxyType = 1;
			remoteGlobalIDString = D64C1487280310BF00137502;
			remoteInfo = "Flux WatchKit App";
		};
		D64C1495280310C100137502 /* PBXContainerItemProxy */ = {
			isa = PBXContainerItemProxy;
			containerPortal = D64C147E280310BE00137502 /* Project object */;
			proxyType = 1;
			remoteGlobalIDString = D64C1492280310C100137502;
			remoteInfo = "Flux WatchKit Extension";
		};
/* End PBXContainerItemProxy section */

/* Begin PBXCopyFilesBuildPhase section */
		D64C14AE280310C200137502 /* Embed App Extensions */ = {
			isa = PBXCopyFilesBuildPhase;
			buildActionMask = 2147483647;
			dstPath = "";
			dstSubfolderSpec = 13;
			files = (
				D64C1494280310C100137502 /* Flux WatchKit Extension.appex in Embed App Extensions */,
			);
			name = "Embed App Extensions";
			runOnlyForDeploymentPostprocessing = 0;
		};
		D64C14B2280310C200137502 /* Embed Watch Content */ = {
			isa = PBXCopyFilesBuildPhase;
			buildActionMask = 2147483647;
			dstPath = "$(CONTENTS_FOLDER_PATH)/Watch";
			dstSubfolderSpec = 16;
			files = (
				D64C1489280310BF00137502 /* Flux WatchKit App.app in Embed Watch Content */,
			);
			name = "Embed Watch Content";
			runOnlyForDeploymentPostprocessing = 0;
		};
/* End PBXCopyFilesBuildPhase section */

/* Begin PBXFileReference section */
		D64C1484280310BE00137502 /* Flux.app */ = {isa = PBXFileReference; explicitFileType = wrapper.application; includeInIndex = 0; path = Flux.app; sourceTree = BUILT_PRODUCTS_DIR; };
		D64C1488280310BF00137502 /* Flux WatchKit App.app */ = {isa = PBXFileReference; explicitFileType = wrapper.application; includeInIndex = 0; path = "Flux WatchKit App.app"; sourceTree = BUILT_PRODUCTS_DIR; };
		D64C148D280310C100137502 /* Assets.xcassets */ = {isa = PBXFileReference; lastKnownFileType = folder.assetcatalog; path = Assets.xcassets; sourceTree = "<group>"; };
		D64C1493280310C100137502 /* Flux WatchKit Extension.appex */ = {isa = PBXFileReference; explicitFileType = "wrapper.app-extension"; includeInIndex = 0; path = "Flux WatchKit Extension.appex"; sourceTree = BUILT_PRODUCTS_DIR; };
		D64C1498280310C100137502 /* FluxApp.swift */ = {isa = PBXFileReference; lastKnownFileType = sourcecode.swift; path = FluxApp.swift; sourceTree = "<group>"; };
		D64C149C280310C100137502 /* NotificationController.swift */ = {isa = PBXFileReference; lastKnownFileType = sourcecode.swift; path = NotificationController.swift; sourceTree = "<group>"; };
		D64C149E280310C100137502 /* NotificationView.swift */ = {isa = PBXFileReference; lastKnownFileType = sourcecode.swift; path = NotificationView.swift; sourceTree = "<group>"; };
		D64C14A0280310C100137502 /* ComplicationController.swift */ = {isa = PBXFileReference; lastKnownFileType = sourcecode.swift; path = ComplicationController.swift; sourceTree = "<group>"; };
		D64C14A2280310C200137502 /* Assets.xcassets */ = {isa = PBXFileReference; lastKnownFileType = folder.assetcatalog; path = Assets.xcassets; sourceTree = "<group>"; };
		D64C14A5280310C200137502 /* Preview Assets.xcassets */ = {isa = PBXFileReference; lastKnownFileType = folder.assetcatalog; path = "Preview Assets.xcassets"; sourceTree = "<group>"; };
		D64C14A7280310C200137502 /* Info.plist */ = {isa = PBXFileReference; lastKnownFileType = text.plist.xml; path = Info.plist; sourceTree = "<group>"; };
		D64C14A8280310C200137502 /* PushNotificationPayload.apns */ = {isa = PBXFileReference; lastKnownFileType = text; path = PushNotificationPayload.apns; sourceTree = "<group>"; };
		D64C14B72803112F00137502 /* CoreData.framework */ = {isa = PBXFileReference; lastKnownFileType = wrapper.framework; name = CoreData.framework; path = Platforms/WatchOS.platform/Developer/SDKs/WatchOS8.5.sdk/System/Library/Frameworks/CoreData.framework; sourceTree = DEVELOPER_DIR; };
		D64C14B92803113800137502 /* CloudKit.framework */ = {isa = PBXFileReference; lastKnownFileType = wrapper.framework; name = CloudKit.framework; path = Platforms/WatchOS.platform/Developer/SDKs/WatchOS8.5.sdk/System/Library/Frameworks/CloudKit.framework; sourceTree = DEVELOPER_DIR; };
		D64C14BC2803117300137502 /* Data.xcdatamodel */ = {isa = PBXFileReference; lastKnownFileType = wrapper.xcdatamodel; path = Data.xcdatamodel; sourceTree = "<group>"; };
		D64C14BE2803164500137502 /* SetGoalView.swift */ = {isa = PBXFileReference; lastKnownFileType = sourcecode.swift; path = SetGoalView.swift; sourceTree = "<group>"; };
		D64C14C02803168E00137502 /* ButtonTextStyle.swift */ = {isa = PBXFileReference; lastKnownFileType = sourcecode.swift; path = ButtonTextStyle.swift; sourceTree = "<group>"; };
		D64C14C2280316CA00137502 /* Constants.swift */ = {isa = PBXFileReference; lastKnownFileType = sourcecode.swift; path = Constants.swift; sourceTree = "<group>"; };
		D64C14C828031A8000137502 /* ChangGoalTimeButton.swift */ = {isa = PBXFileReference; lastKnownFileType = sourcecode.swift; path = ChangGoalTimeButton.swift; sourceTree = "<group>"; };
		D64C14CC280344E000137502 /* fxlabel.swift */ = {isa = PBXFileReference; lastKnownFileType = sourcecode.swift; path = fxlabel.swift; sourceTree = "<group>"; };
		D64C14CE280346D800137502 /* SessionActionButton.swift */ = {isa = PBXFileReference; lastKnownFileType = sourcecode.swift; path = SessionActionButton.swift; sourceTree = "<group>"; };
		D64C14D02803477200137502 /* SessionView.swift */ = {isa = PBXFileReference; lastKnownFileType = sourcecode.swift; path = SessionView.swift; sourceTree = "<group>"; };
		D64C14D228034BB800137502 /* SessionButton.swift */ = {isa = PBXFileReference; lastKnownFileType = sourcecode.swift; path = SessionButton.swift; sourceTree = "<group>"; };
		D64C14D4280394A100137502 /* SessionPersonalizeButton.swift */ = {isa = PBXFileReference; lastKnownFileType = sourcecode.swift; path = SessionPersonalizeButton.swift; sourceTree = "<group>"; };
		D64C14D62804EDFE00137502 /* RingView.swift */ = {isa = PBXFileReference; lastKnownFileType = sourcecode.swift; path = RingView.swift; sourceTree = "<group>"; };
		D64C14D92804FBFE00137502 /* PersistenceContainer.swift */ = {isa = PBXFileReference; lastKnownFileType = sourcecode.swift; path = PersistenceContainer.swift; sourceTree = "<group>"; };
/* End PBXFileReference section */

/* Begin PBXFrameworksBuildPhase section */
		D64C1490280310C100137502 /* Frameworks */ = {
			isa = PBXFrameworksBuildPhase;
			buildActionMask = 2147483647;
			files = (
				D64C14B82803112F00137502 /* CoreData.framework in Frameworks */,
				D64C14BA2803113800137502 /* CloudKit.framework in Frameworks */,
			);
			runOnlyForDeploymentPostprocessing = 0;
		};
/* End PBXFrameworksBuildPhase section */

/* Begin PBXGroup section */
		D64C147D280310BE00137502 = {
			isa = PBXGroup;
			children = (
				D64C148C280310BF00137502 /* Flux WatchKit App */,
				D64C1497280310C100137502 /* Flux WatchKit Extension */,
				D64C1485280310BE00137502 /* Products */,
				D64C14B62803112F00137502 /* Frameworks */,
			);
			sourceTree = "<group>";
		};
		D64C1485280310BE00137502 /* Products */ = {
			isa = PBXGroup;
			children = (
				D64C1484280310BE00137502 /* Flux.app */,
				D64C1488280310BF00137502 /* Flux WatchKit App.app */,
				D64C1493280310C100137502 /* Flux WatchKit Extension.appex */,
			);
			name = Products;
			sourceTree = "<group>";
		};
		D64C148C280310BF00137502 /* Flux WatchKit App */ = {
			isa = PBXGroup;
			children = (
				D64C148D280310C100137502 /* Assets.xcassets */,
			);
			path = "Flux WatchKit App";
			sourceTree = "<group>";
		};
		D64C1497280310C100137502 /* Flux WatchKit Extension */ = {
			isa = PBXGroup;
			children = (
				D64C1498280310C100137502 /* FluxApp.swift */,
				D64C14D82804F7F000137502 /* Shared */,
				D64C14C728031A2F00137502 /* Screens */,
				D64C14C628031A0700137502 /* Utilities */,
				D64C14C4280319EA00137502 /* Components */,
				D64C149C280310C100137502 /* NotificationController.swift */,
				D64C149E280310C100137502 /* NotificationView.swift */,
				D64C14A0280310C100137502 /* ComplicationController.swift */,
				D64C14A2280310C200137502 /* Assets.xcassets */,
				D64C14A7280310C200137502 /* Info.plist */,
				D64C14A8280310C200137502 /* PushNotificationPayload.apns */,
				D64C14A4280310C200137502 /* Preview Content */,
			);
			path = "Flux WatchKit Extension";
			sourceTree = "<group>";
		};
		D64C14A4280310C200137502 /* Preview Content */ = {
			isa = PBXGroup;
			children = (
				D64C14A5280310C200137502 /* Preview Assets.xcassets */,
			);
			path = "Preview Content";
			sourceTree = "<group>";
		};
		D64C14B62803112F00137502 /* Frameworks */ = {
			isa = PBXGroup;
			children = (
				D64C14B92803113800137502 /* CloudKit.framework */,
				D64C14B72803112F00137502 /* CoreData.framework */,
			);
			name = Frameworks;
			sourceTree = "<group>";
		};
		D64C14C4280319EA00137502 /* Components */ = {
			isa = PBXGroup;
			children = (
				D64C14CB280344D300137502 /* Labels */,
				D64C14C5280319F700137502 /* Buttons */,
			);
			path = Components;
			sourceTree = "<group>";
		};
		D64C14C5280319F700137502 /* Buttons */ = {
			isa = PBXGroup;
			children = (
				D64C14C828031A8000137502 /* ChangGoalTimeButton.swift */,
				D64C14CE280346D800137502 /* SessionActionButton.swift */,
				D64C14D4280394A100137502 /* SessionPersonalizeButton.swift */,
				D64C14D228034BB800137502 /* SessionButton.swift */,
				D64C14CA2803441000137502 /* Styles */,
			);
			path = Buttons;
			sourceTree = "<group>";
		};
		D64C14C628031A0700137502 /* Utilities */ = {
			isa = PBXGroup;
			children = (
				D64C14C2280316CA00137502 /* Constants.swift */,
			);
			path = Utilities;
			sourceTree = "<group>";
		};
		D64C14C728031A2F00137502 /* Screens */ = {
			isa = PBXGroup;
			children = (
				D64C14BE2803164500137502 /* SetGoalView.swift */,
				D64C14D02803477200137502 /* SessionView.swift */,
				D64C14D62804EDFE00137502 /* RingView.swift */,
			);
			path = Screens;
			sourceTree = "<group>";
		};
		D64C14CA2803441000137502 /* Styles */ = {
			isa = PBXGroup;
			children = (
				D64C14C02803168E00137502 /* ButtonTextStyle.swift */,
			);
			path = Styles;
			sourceTree = "<group>";
		};
		D64C14CB280344D300137502 /* Labels */ = {
			isa = PBXGroup;
			children = (
				D64C14CC280344E000137502 /* fxlabel.swift */,
			);
			path = Labels;
			sourceTree = "<group>";
		};
		D64C14D82804F7F000137502 /* Shared */ = {
			isa = PBXGroup;
			children = (
				D64C14BB2803117300137502 /* Data.xcdatamodeld */,
				D64C14D92804FBFE00137502 /* PersistenceContainer.swift */,
			);
			path = Shared;
			sourceTree = "<group>";
		};
/* End PBXGroup section */

/* Begin PBXNativeTarget section */
		D64C1483280310BE00137502 /* Flux */ = {
			isa = PBXNativeTarget;
			buildConfigurationList = D64C14B3280310C200137502 /* Build configuration list for PBXNativeTarget "Flux" */;
			buildPhases = (
				D64C1482280310BE00137502 /* Resources */,
				D64C14B2280310C200137502 /* Embed Watch Content */,
			);
			buildRules = (
			);
			dependencies = (
				D64C148B280310BF00137502 /* PBXTargetDependency */,
			);
			name = Flux;
			productName = Flux;
			productReference = D64C1484280310BE00137502 /* Flux.app */;
			productType = "com.apple.product-type.application.watchapp2-container";
		};
		D64C1487280310BF00137502 /* Flux WatchKit App */ = {
			isa = PBXNativeTarget;
			buildConfigurationList = D64C14AF280310C200137502 /* Build configuration list for PBXNativeTarget "Flux WatchKit App" */;
			buildPhases = (
				D64C1486280310BF00137502 /* Resources */,
				D64C14AE280310C200137502 /* Embed App Extensions */,
			);
			buildRules = (
			);
			dependencies = (
				D64C1496280310C100137502 /* PBXTargetDependency */,
			);
			name = "Flux WatchKit App";
			productName = "Flux WatchKit App";
			productReference = D64C1488280310BF00137502 /* Flux WatchKit App.app */;
			productType = "com.apple.product-type.application.watchapp2";
		};
		D64C1492280310C100137502 /* Flux WatchKit Extension */ = {
			isa = PBXNativeTarget;
			buildConfigurationList = D64C14AB280310C200137502 /* Build configuration list for PBXNativeTarget "Flux WatchKit Extension" */;
			buildPhases = (
				D64C148F280310C100137502 /* Sources */,
				D64C1490280310C100137502 /* Frameworks */,
				D64C1491280310C100137502 /* Resources */,
			);
			buildRules = (
			);
			dependencies = (
			);
			name = "Flux WatchKit Extension";
			productName = "Flux WatchKit Extension";
			productReference = D64C1493280310C100137502 /* Flux WatchKit Extension.appex */;
			productType = "com.apple.product-type.watchkit2-extension";
		};
/* End PBXNativeTarget section */

/* Begin PBXProject section */
		D64C147E280310BE00137502 /* Project object */ = {
			isa = PBXProject;
			attributes = {
				BuildIndependentTargetsInParallel = 1;
				LastSwiftUpdateCheck = 1330;
				LastUpgradeCheck = 1330;
				TargetAttributes = {
					D64C1483280310BE00137502 = {
						CreatedOnToolsVersion = 13.3;
					};
					D64C1487280310BF00137502 = {
						CreatedOnToolsVersion = 13.3;
					};
					D64C1492280310C100137502 = {
						CreatedOnToolsVersion = 13.3;
					};
				};
			};
			buildConfigurationList = D64C1481280310BE00137502 /* Build configuration list for PBXProject "Flux" */;
			compatibilityVersion = "Xcode 13.0";
			developmentRegion = en;
			hasScannedForEncodings = 0;
			knownRegions = (
				en,
				Base,
			);
			mainGroup = D64C147D280310BE00137502;
			productRefGroup = D64C1485280310BE00137502 /* Products */;
			projectDirPath = "";
			projectRoot = "";
			targets = (
				D64C1483280310BE00137502 /* Flux */,
				D64C1487280310BF00137502 /* Flux WatchKit App */,
				D64C1492280310C100137502 /* Flux WatchKit Extension */,
			);
		};
/* End PBXProject section */

/* Begin PBXResourcesBuildPhase section */
		D64C1482280310BE00137502 /* Resources */ = {
			isa = PBXResourcesBuildPhase;
			buildActionMask = 2147483647;
			files = (
			);
			runOnlyForDeploymentPostprocessing = 0;
		};
		D64C1486280310BF00137502 /* Resources */ = {
			isa = PBXResourcesBuildPhase;
			buildActionMask = 2147483647;
			files = (
				D64C148E280310C100137502 /* Assets.xcassets in Resources */,
			);
			runOnlyForDeploymentPostprocessing = 0;
		};
		D64C1491280310C100137502 /* Resources */ = {
			isa = PBXResourcesBuildPhase;
			buildActionMask = 2147483647;
			files = (
				D64C14A6280310C200137502 /* Preview Assets.xcassets in Resources */,
				D64C14A3280310C200137502 /* Assets.xcassets in Resources */,
			);
			runOnlyForDeploymentPostprocessing = 0;
		};
/* End PBXResourcesBuildPhase section */

/* Begin PBXSourcesBuildPhase section */
		D64C148F280310C100137502 /* Sources */ = {
			isa = PBXSourcesBuildPhase;
			buildActionMask = 2147483647;
			files = (
				D64C14D72804EDFE00137502 /* RingView.swift in Sources */,
				D64C149D280310C100137502 /* NotificationController.swift in Sources */,
				D64C14BD2803117300137502 /* Data.xcdatamodeld in Sources */,
				D64C14D328034BB800137502 /* SessionButton.swift in Sources */,
				D64C14CD280344E000137502 /* fxlabel.swift in Sources */,
				D64C14C12803168E00137502 /* ButtonTextStyle.swift in Sources */,
				D64C14C928031A8000137502 /* ChangGoalTimeButton.swift in Sources */,
				D64C14A1280310C100137502 /* ComplicationController.swift in Sources */,
				D64C14CF280346D800137502 /* SessionActionButton.swift in Sources */,
				D64C14D12803477200137502 /* SessionView.swift in Sources */,
				D64C1499280310C100137502 /* FluxApp.swift in Sources */,
				D64C149F280310C100137502 /* NotificationView.swift in Sources */,
				D64C14D5280394A100137502 /* SessionPersonalizeButton.swift in Sources */,
				D64C14DA2804FBFE00137502 /* PersistenceContainer.swift in Sources */,
				D64C14C3280316CA00137502 /* Constants.swift in Sources */,
				D64C14BF2803164500137502 /* SetGoalView.swift in Sources */,
			);
			runOnlyForDeploymentPostprocessing = 0;
		};
/* End PBXSourcesBuildPhase section */

/* Begin PBXTargetDependency section */
		D64C148B280310BF00137502 /* PBXTargetDependency */ = {
			isa = PBXTargetDependency;
			target = D64C1487280310BF00137502 /* Flux WatchKit App */;
			targetProxy = D64C148A280310BF00137502 /* PBXContainerItemProxy */;
		};
		D64C1496280310C100137502 /* PBXTargetDependency */ = {
			isa = PBXTargetDependency;
			target = D64C1492280310C100137502 /* Flux WatchKit Extension */;
			targetProxy = D64C1495280310C100137502 /* PBXContainerItemProxy */;
		};
/* End PBXTargetDependency section */

/* Begin XCBuildConfiguration section */
		D64C14A9280310C200137502 /* Debug */ = {
			isa = XCBuildConfiguration;
			buildSettings = {
				ALWAYS_SEARCH_USER_PATHS = NO;
				CLANG_ANALYZER_NONNULL = YES;
				CLANG_ANALYZER_NUMBER_OBJECT_CONVERSION = YES_AGGRESSIVE;
				CLANG_CXX_LANGUAGE_STANDARD = "gnu++17";
				CLANG_ENABLE_MODULES = YES;
				CLANG_ENABLE_OBJC_ARC = YES;
				CLANG_ENABLE_OBJC_WEAK = YES;
				CLANG_WARN_BLOCK_CAPTURE_AUTORELEASING = YES;
				CLANG_WARN_BOOL_CONVERSION = YES;
				CLANG_WARN_COMMA = YES;
				CLANG_WARN_CONSTANT_CONVERSION = YES;
				CLANG_WARN_DEPRECATED_OBJC_IMPLEMENTATIONS = YES;
				CLANG_WARN_DIRECT_OBJC_ISA_USAGE = YES_ERROR;
				CLANG_WARN_DOCUMENTATION_COMMENTS = YES;
				CLANG_WARN_EMPTY_BODY = YES;
				CLANG_WARN_ENUM_CONVERSION = YES;
				CLANG_WARN_INFINITE_RECURSION = YES;
				CLANG_WARN_INT_CONVERSION = YES;
				CLANG_WARN_NON_LITERAL_NULL_CONVERSION = YES;
				CLANG_WARN_OBJC_IMPLICIT_RETAIN_SELF = YES;
				CLANG_WARN_OBJC_LITERAL_CONVERSION = YES;
				CLANG_WARN_OBJC_ROOT_CLASS = YES_ERROR;
				CLANG_WARN_QUOTED_INCLUDE_IN_FRAMEWORK_HEADER = YES;
				CLANG_WARN_RANGE_LOOP_ANALYSIS = YES;
				CLANG_WARN_STRICT_PROTOTYPES = YES;
				CLANG_WARN_SUSPICIOUS_MOVE = YES;
				CLANG_WARN_UNGUARDED_AVAILABILITY = YES_AGGRESSIVE;
				CLANG_WARN_UNREACHABLE_CODE = YES;
				CLANG_WARN__DUPLICATE_METHOD_MATCH = YES;
				COPY_PHASE_STRIP = NO;
				DEBUG_INFORMATION_FORMAT = dwarf;
				ENABLE_STRICT_OBJC_MSGSEND = YES;
				ENABLE_TESTABILITY = YES;
				GCC_C_LANGUAGE_STANDARD = gnu11;
				GCC_DYNAMIC_NO_PIC = NO;
				GCC_NO_COMMON_BLOCKS = YES;
				GCC_OPTIMIZATION_LEVEL = 0;
				GCC_PREPROCESSOR_DEFINITIONS = (
					"DEBUG=1",
					"$(inherited)",
				);
				GCC_WARN_64_TO_32_BIT_CONVERSION = YES;
				GCC_WARN_ABOUT_RETURN_TYPE = YES_ERROR;
				GCC_WARN_UNDECLARED_SELECTOR = YES;
				GCC_WARN_UNINITIALIZED_AUTOS = YES_AGGRESSIVE;
				GCC_WARN_UNUSED_FUNCTION = YES;
				GCC_WARN_UNUSED_VARIABLE = YES;
				MTL_ENABLE_DEBUG_INFO = INCLUDE_SOURCE;
				MTL_FAST_MATH = YES;
				ONLY_ACTIVE_ARCH = YES;
				SDKROOT = iphoneos;
				SWIFT_ACTIVE_COMPILATION_CONDITIONS = DEBUG;
				SWIFT_OPTIMIZATION_LEVEL = "-Onone";
			};
			name = Debug;
		};
		D64C14AA280310C200137502 /* Release */ = {
			isa = XCBuildConfiguration;
			buildSettings = {
				ALWAYS_SEARCH_USER_PATHS = NO;
				CLANG_ANALYZER_NONNULL = YES;
				CLANG_ANALYZER_NUMBER_OBJECT_CONVERSION = YES_AGGRESSIVE;
				CLANG_CXX_LANGUAGE_STANDARD = "gnu++17";
				CLANG_ENABLE_MODULES = YES;
				CLANG_ENABLE_OBJC_ARC = YES;
				CLANG_ENABLE_OBJC_WEAK = YES;
				CLANG_WARN_BLOCK_CAPTURE_AUTORELEASING = YES;
				CLANG_WARN_BOOL_CONVERSION = YES;
				CLANG_WARN_COMMA = YES;
				CLANG_WARN_CONSTANT_CONVERSION = YES;
				CLANG_WARN_DEPRECATED_OBJC_IMPLEMENTATIONS = YES;
				CLANG_WARN_DIRECT_OBJC_ISA_USAGE = YES_ERROR;
				CLANG_WARN_DOCUMENTATION_COMMENTS = YES;
				CLANG_WARN_EMPTY_BODY = YES;
				CLANG_WARN_ENUM_CONVERSION = YES;
				CLANG_WARN_INFINITE_RECURSION = YES;
				CLANG_WARN_INT_CONVERSION = YES;
				CLANG_WARN_NON_LITERAL_NULL_CONVERSION = YES;
				CLANG_WARN_OBJC_IMPLICIT_RETAIN_SELF = YES;
				CLANG_WARN_OBJC_LITERAL_CONVERSION = YES;
				CLANG_WARN_OBJC_ROOT_CLASS = YES_ERROR;
				CLANG_WARN_QUOTED_INCLUDE_IN_FRAMEWORK_HEADER = YES;
				CLANG_WARN_RANGE_LOOP_ANALYSIS = YES;
				CLANG_WARN_STRICT_PROTOTYPES = YES;
				CLANG_WARN_SUSPICIOUS_MOVE = YES;
				CLANG_WARN_UNGUARDED_AVAILABILITY = YES_AGGRESSIVE;
				CLANG_WARN_UNREACHABLE_CODE = YES;
				CLANG_WARN__DUPLICATE_METHOD_MATCH = YES;
				COPY_PHASE_STRIP = NO;
				DEBUG_INFORMATION_FORMAT = "dwarf-with-dsym";
				ENABLE_NS_ASSERTIONS = NO;
				ENABLE_STRICT_OBJC_MSGSEND = YES;
				GCC_C_LANGUAGE_STANDARD = gnu11;
				GCC_NO_COMMON_BLOCKS = YES;
				GCC_WARN_64_TO_32_BIT_CONVERSION = YES;
				GCC_WARN_ABOUT_RETURN_TYPE = YES_ERROR;
				GCC_WARN_UNDECLARED_SELECTOR = YES;
				GCC_WARN_UNINITIALIZED_AUTOS = YES_AGGRESSIVE;
				GCC_WARN_UNUSED_FUNCTION = YES;
				GCC_WARN_UNUSED_VARIABLE = YES;
				MTL_ENABLE_DEBUG_INFO = NO;
				MTL_FAST_MATH = YES;
				SDKROOT = iphoneos;
				SWIFT_COMPILATION_MODE = wholemodule;
				SWIFT_OPTIMIZATION_LEVEL = "-O";
				VALIDATE_PRODUCT = YES;
			};
			name = Release;
		};
		D64C14AC280310C200137502 /* Debug */ = {
			isa = XCBuildConfiguration;
			buildSettings = {
				ASSETCATALOG_COMPILER_COMPLICATION_NAME = Complication;
				CODE_SIGN_STYLE = Automatic;
				CURRENT_PROJECT_VERSION = 1;
				DEVELOPMENT_ASSET_PATHS = "\"Flux WatchKit Extension/Preview Content\"";
				DEVELOPMENT_TEAM = U68AWG975G;
				ENABLE_PREVIEWS = YES;
				GENERATE_INFOPLIST_FILE = YES;
				INFOPLIST_FILE = "Flux WatchKit Extension/Info.plist";
				INFOPLIST_KEY_CFBundleDisplayName = "Flux WatchKit Extension";
				INFOPLIST_KEY_CLKComplicationPrincipalClass = "$(PRODUCT_MODULE_NAME).ComplicationController";
				INFOPLIST_KEY_NSHumanReadableCopyright = "";
				INFOPLIST_KEY_WKWatchOnly = YES;
				LD_RUNPATH_SEARCH_PATHS = (
					"$(inherited)",
					"@executable_path/Frameworks",
					"@executable_path/../../Frameworks",
				);
				MARKETING_VERSION = 1.0;
				PRODUCT_BUNDLE_IDENTIFIER = com.cskorobogatow.Flux.watchkitapp.watchkitextension;
				PRODUCT_NAME = "${TARGET_NAME}";
				SDKROOT = watchos;
				SKIP_INSTALL = YES;
				SWIFT_EMIT_LOC_STRINGS = YES;
				SWIFT_VERSION = 5.0;
				TARGETED_DEVICE_FAMILY = 4;
				WATCHOS_DEPLOYMENT_TARGET = 8.5;
			};
			name = Debug;
		};
		D64C14AD280310C200137502 /* Release */ = {
			isa = XCBuildConfiguration;
			buildSettings = {
				ASSETCATALOG_COMPILER_COMPLICATION_NAME = Complication;
				CODE_SIGN_STYLE = Automatic;
				CURRENT_PROJECT_VERSION = 1;
				DEVELOPMENT_ASSET_PATHS = "\"Flux WatchKit Extension/Preview Content\"";
				DEVELOPMENT_TEAM = U68AWG975G;
				ENABLE_PREVIEWS = YES;
				GENERATE_INFOPLIST_FILE = YES;
				INFOPLIST_FILE = "Flux WatchKit Extension/Info.plist";
				INFOPLIST_KEY_CFBundleDisplayName = "Flux WatchKit Extension";
				INFOPLIST_KEY_CLKComplicationPrincipalClass = "$(PRODUCT_MODULE_NAME).ComplicationController";
				INFOPLIST_KEY_NSHumanReadableCopyright = "";
				INFOPLIST_KEY_WKWatchOnly = YES;
				LD_RUNPATH_SEARCH_PATHS = (
					"$(inherited)",
					"@executable_path/Frameworks",
					"@executable_path/../../Frameworks",
				);
				MARKETING_VERSION = 1.0;
				PRODUCT_BUNDLE_IDENTIFIER = com.cskorobogatow.Flux.watchkitapp.watchkitextension;
				PRODUCT_NAME = "${TARGET_NAME}";
				SDKROOT = watchos;
				SKIP_INSTALL = YES;
				SWIFT_EMIT_LOC_STRINGS = YES;
				SWIFT_VERSION = 5.0;
				TARGETED_DEVICE_FAMILY = 4;
				WATCHOS_DEPLOYMENT_TARGET = 8.5;
			};
			name = Release;
		};
		D64C14B0280310C200137502 /* Debug */ = {
			isa = XCBuildConfiguration;
			buildSettings = {
				ALWAYS_EMBED_SWIFT_STANDARD_LIBRARIES = YES;
				ASSETCATALOG_COMPILER_APPICON_NAME = AppIcon;
				ASSETCATALOG_COMPILER_GLOBAL_ACCENT_COLOR_NAME = AccentColor;
				CODE_SIGN_STYLE = Automatic;
				CURRENT_PROJECT_VERSION = 1;
				DEVELOPMENT_TEAM = U68AWG975G;
				GENERATE_INFOPLIST_FILE = YES;
				IBSC_MODULE = Flux_WatchKit_Extension;
				INFOPLIST_KEY_CFBundleDisplayName = "Flux WatchKit App";
				INFOPLIST_KEY_UISupportedInterfaceOrientations = "UIInterfaceOrientationPortrait UIInterfaceOrientationPortraitUpsideDown";
				MARKETING_VERSION = 1.0;
				PRODUCT_BUNDLE_IDENTIFIER = com.cskorobogatow.Flux.watchkitapp;
				PRODUCT_NAME = "$(TARGET_NAME)";
				SDKROOT = watchos;
				SKIP_INSTALL = YES;
				SWIFT_EMIT_LOC_STRINGS = YES;
				SWIFT_VERSION = 5.0;
				TARGETED_DEVICE_FAMILY = 4;
				WATCHOS_DEPLOYMENT_TARGET = 8.5;
			};
			name = Debug;
		};
		D64C14B1280310C200137502 /* Release */ = {
			isa = XCBuildConfiguration;
			buildSettings = {
				ALWAYS_EMBED_SWIFT_STANDARD_LIBRARIES = YES;
				ASSETCATALOG_COMPILER_APPICON_NAME = AppIcon;
				ASSETCATALOG_COMPILER_GLOBAL_ACCENT_COLOR_NAME = AccentColor;
				CODE_SIGN_STYLE = Automatic;
				CURRENT_PROJECT_VERSION = 1;
				DEVELOPMENT_TEAM = U68AWG975G;
				GENERATE_INFOPLIST_FILE = YES;
				IBSC_MODULE = Flux_WatchKit_Extension;
				INFOPLIST_KEY_CFBundleDisplayName = "Flux WatchKit App";
				INFOPLIST_KEY_UISupportedInterfaceOrientations = "UIInterfaceOrientationPortrait UIInterfaceOrientationPortraitUpsideDown";
				MARKETING_VERSION = 1.0;
				PRODUCT_BUNDLE_IDENTIFIER = com.cskorobogatow.Flux.watchkitapp;
				PRODUCT_NAME = "$(TARGET_NAME)";
				SDKROOT = watchos;
				SKIP_INSTALL = YES;
				SWIFT_EMIT_LOC_STRINGS = YES;
				SWIFT_VERSION = 5.0;
				TARGETED_DEVICE_FAMILY = 4;
				WATCHOS_DEPLOYMENT_TARGET = 8.5;
			};
			name = Release;
		};
		D64C14B4280310C200137502 /* Debug */ = {
			isa = XCBuildConfiguration;
			buildSettings = {
				CODE_SIGN_STYLE = Automatic;
				CURRENT_PROJECT_VERSION = 1;
				DEVELOPMENT_TEAM = U68AWG975G;
				MARKETING_VERSION = 1.0;
				PRODUCT_BUNDLE_IDENTIFIER = com.cskorobogatow.Flux;
				PRODUCT_NAME = "$(TARGET_NAME)";
				SWIFT_VERSION = 5.0;
			};
			name = Debug;
		};
		D64C14B5280310C200137502 /* Release */ = {
			isa = XCBuildConfiguration;
			buildSettings = {
				CODE_SIGN_STYLE = Automatic;
				CURRENT_PROJECT_VERSION = 1;
				DEVELOPMENT_TEAM = U68AWG975G;
				MARKETING_VERSION = 1.0;
				PRODUCT_BUNDLE_IDENTIFIER = com.cskorobogatow.Flux;
				PRODUCT_NAME = "$(TARGET_NAME)";
				SWIFT_VERSION = 5.0;
			};
			name = Release;
		};
/* End XCBuildConfiguration section */

/* Begin XCConfigurationList section */
		D64C1481280310BE00137502 /* Build configuration list for PBXProject "Flux" */ = {
			isa = XCConfigurationList;
			buildConfigurations = (
				D64C14A9280310C200137502 /* Debug */,
				D64C14AA280310C200137502 /* Release */,
			);
			defaultConfigurationIsVisible = 0;
			defaultConfigurationName = Release;
		};
		D64C14AB280310C200137502 /* Build configuration list for PBXNativeTarget "Flux WatchKit Extension" */ = {
			isa = XCConfigurationList;
			buildConfigurations = (
				D64C14AC280310C200137502 /* Debug */,
				D64C14AD280310C200137502 /* Release */,
			);
			defaultConfigurationIsVisible = 0;
			defaultConfigurationName = Release;
		};
		D64C14AF280310C200137502 /* Build configuration list for PBXNativeTarget "Flux WatchKit App" */ = {
			isa = XCConfigurationList;
			buildConfigurations = (
				D64C14B0280310C200137502 /* Debug */,
				D64C14B1280310C200137502 /* Release */,
			);
			defaultConfigurationIsVisible = 0;
			defaultConfigurationName = Release;
		};
		D64C14B3280310C200137502 /* Build configuration list for PBXNativeTarget "Flux" */ = {
			isa = XCConfigurationList;
			buildConfigurations = (
				D64C14B4280310C200137502 /* Debug */,
				D64C14B5280310C200137502 /* Release */,
			);
			defaultConfigurationIsVisible = 0;
			defaultConfigurationName = Release;
		};
/* End XCConfigurationList section */

/* Begin XCVersionGroup section */
		D64C14BB2803117300137502 /* Data.xcdatamodeld */ = {
			isa = XCVersionGroup;
			children = (
				D64C14BC2803117300137502 /* Data.xcdatamodel */,
			);
			currentVersion = D64C14BC2803117300137502 /* Data.xcdatamodel */;
			path = Data.xcdatamodeld;
			sourceTree = "<group>";
			versionGroupType = wrapper.xcdatamodel;
		};
/* End XCVersionGroup section */
	};
	rootObject = D64C147E280310BE00137502 /* Project object */;
}
